{
  "name": "python-ml",
  "lockfileVersion": 3,
  "requires": true,
  "packages": {
    "": {
      "dependencies": {
        "pnpm": "^10.34.3"
      }
    },
    "node_modules/pnpm": {
      "version": "10.34.3",
      "resolved": "https://registry.npmjs.org/pnpm/-/pnpm-10.34.3.tgz",
      "integrity": "sha512-8sUxsIgp175/A8kK3cJmYV+cVHdGPkvx0nXLJjzp6lfPDVWZEQ2UZJqbs/7Z8LXvzqdKcBa2FTKiTLmth4YMHQ==",
      "license": "MIT",
      "bin": {
        "pnpm": "bin/pnpm.cjs",
        "pnpx": "bin/pnpx.cjs"
      },
      "engines": {
        "node": ">=18.12"
      },
      "funding": {
        "url": "https://opencollective.com/pnpm"
      }
    }
  }
}
